
Microsoft Visual Studio Solution File, Format Version 12.00
# Visual Studio Version 17
VisualStudioVersion = 17.14.36429.23 d17.14
MinimumVisualStudioVersion = 10.0.40219.1
Project("{FAE04EC0-301F-11D3-BF4B-00C04F79EFBC}") = "Main", "Main.csproj", "{1F736930-02A7-4F26-9605-08F97FC0B832}"
EndProject
Global
	GlobalSection(SolutionConfigurationPlatforms) = preSolution
		Debug|Any CPU = Debug|Any CPU
		Release|Any CPU = Release|Any CPU
	EndGlobalSection
	GlobalSection(ProjectConfigurationPlatforms) = postSolution
		{1F736930-02A7-4F26-9605-08F97FC0B832}.Debug|Any CPU.ActiveCfg = Debug|Any CPU
		{1F736930-02A7-4F26-9605-08F97FC0B832}.Debug|Any CPU.Build.0 = Debug|Any CPU
		{1F736930-02A7-4F26-9605-08F97FC0B832}.Release|Any CPU.ActiveCfg = Release|Any CPU
		{1F736930-02A7-4F26-9605-08F97FC0B832}.Release|Any CPU.Build.0 = Release|Any CPU
	EndGlobalSection
	GlobalSection(SolutionProperties) = preSolution
		HideSolutionNode = FALSE
	EndGlobalSection
	GlobalSection(ExtensibilityGlobals) = postSolution
		SolutionGuid = {BF1096F3-7035-45F9-8AAA-86014721246C}
	EndGlobalSection
EndGlobal
